
Microsoft Visual Studio Solution File, Format Version 12.00
# Visual Studio 15
VisualStudioVersion = 15.0.28307.168
MinimumVisualStudioVersion = 10.0.40219.1
Project("{9A19103F-16F7-4668-BE54-9A1E7A4F7556}") = "appsvcbuildconsole", "appsvcbuildconsole\appsvcbuildconsole.csproj", "{43F500D2-61DA-4539-8D68-E6F1F92A0D1F}"
EndProject
Global
	GlobalSection(SolutionConfigurationPlatforms) = preSolution
		Debug|Any CPU = Debug|Any CPU
		Release|Any CPU = Release|Any CPU
	EndGlobalSection
	GlobalSection(ProjectConfigurationPlatforms) = postSolution
		{43F500D2-61DA-4539-8D68-E6F1F92A0D1F}.Debug|Any CPU.ActiveCfg = Debug|Any CPU
		{43F500D2-61DA-4539-8D68-E6F1F92A0D1F}.Debug|Any CPU.Build.0 = Debug|Any CPU
		{43F500D2-61DA-4539-8D68-E6F1F92A0D1F}.Release|Any CPU.ActiveCfg = Release|Any CPU
		{43F500D2-61DA-4539-8D68-E6F1F92A0D1F}.Release|Any CPU.Build.0 = Release|Any CPU
	EndGlobalSection
	GlobalSection(SolutionProperties) = preSolution
		HideSolutionNode = FALSE
	EndGlobalSection
	GlobalSection(ExtensibilityGlobals) = postSolution
		SolutionGuid = {564B2D36-A96F-4654-BD68-2AF8B369DE9F}
	EndGlobalSection
EndGlobal
